{
    "name": "mineflayer-auto-eat",
    "version": "2.3.3",
    "lockfileVersion": 2,
    "requires": true,
    "packages": {
        "": {
            "name": "mineflayer-auto-eat",
            "version": "2.3.3",
            "license": "ISC",
            "dependencies": {
                "minecraft-data": "^2.100.0"
            }
        },
        "node_modules/minecraft-data": {
            "version": "2.100.0",
            "resolved": "https://registry.npmjs.org/minecraft-data/-/minecraft-data-2.100.0.tgz",
            "integrity": "sha512-pYVb2pxIUGLtVAhUhu+TjYpV46Iii2i9qKFTMHXjM98LlsCbUk2ADKMbtLCcLvlBb7i6/eLs+2nCWhjrn0WzoA=="
        }
    },
    "dependencies": {
        "minecraft-data": {
            "version": "2.100.0",
            "resolved": "https://registry.npmjs.org/minecraft-data/-/minecraft-data-2.100.0.tgz",
            "integrity": "sha512-pYVb2pxIUGLtVAhUhu+TjYpV46Iii2i9qKFTMHXjM98LlsCbUk2ADKMbtLCcLvlBb7i6/eLs+2nCWhjrn0WzoA=="
        }
    }
}
