{
  "name": "mineflayer-auto-eat",
  "version": "2.1.2",
  "lockfileVersion": 2,
  "requires": true,
  "packages": {
    "": {
      "version": "2.1.2",
      "license": "ISC",
      "dependencies": {
        "minecraft-data": "^2.93.0"
      }
    },
    "node_modules/minecraft-data": {
      "version": "2.93.0",
      "resolved": "https://registry.npmjs.org/minecraft-data/-/minecraft-data-2.93.0.tgz",
      "integrity": "sha512-Ta3AH5x3FHhN9gxofC2CCG8McDEN9xuPsjkWsQrWY2fmHRYY+2bJY67sMQfpygTHOtAJ2tPz4z/Ay01j/BQDgw=="
    }
  },
  "dependencies": {
    "minecraft-data": {
      "version": "2.93.0",
      "resolved": "https://registry.npmjs.org/minecraft-data/-/minecraft-data-2.93.0.tgz",
      "integrity": "sha512-Ta3AH5x3FHhN9gxofC2CCG8McDEN9xuPsjkWsQrWY2fmHRYY+2bJY67sMQfpygTHOtAJ2tPz4z/Ay01j/BQDgw=="
    }
  }
}
