{
  "name": "mineflayer-auto-eat",
  "version": "2.1.0",
  "lockfileVersion": 1,
  "requires": true,
  "dependencies": {
    "minecraft-data": {
      "version": "2.70.2",
      "resolved": "https://registry.npmjs.org/minecraft-data/-/minecraft-data-2.70.2.tgz",
      "integrity": "sha512-BM7I0/pbe4dyl9lgshGf/KtIhq6aHoED+7ByRb68dJgK988UHSmwAde4k3UCX3RMKM3dr+Tprs91wAxC2YuGwQ=="
    }
  }
}
